
Microsoft Visual Studio Solution File, Format Version 12.00
# Visual Studio 15
VisualStudioVersion = 15.0.27130.2027
MinimumVisualStudioVersion = 10.0.40219.1
Project("{FAE04EC0-301F-11D3-BF4B-00C04F79EFBC}") = "HLApps.Revit.Graph", "HLApps.Revit.Graph\HLApps.Revit.Graph.csproj", "{93280FF6-C2CC-4ECE-8C26-D6794F7121D3}"
EndProject
Project("{FAE04EC0-301F-11D3-BF4B-00C04F79EFBC}") = "HLApps.MEPGraph", "HLApps.MEPGraph\HLApps.MEPGraph.csproj", "{400E1964-B716-4EA4-B21E-15C1F2135888}"
EndProject
Project("{FAE04EC0-301F-11D3-BF4B-00C04F79EFBC}") = "HLApps.Revit.Graph.UIAddin", "HLApps.Revit.Graph.UIAddin\HLApps.Revit.Graph.UIAddin.csproj", "{F5FECC1A-9803-43EA-A217-E9D321A7C2D2}"
EndProject
Project("{D954291E-2A0B-460D-934E-DC6B0785DB48}") = "HLApps.RevitBuildConfigurations", "HLApps.RevitBuildConfigurations\HLApps.RevitBuildConfigurations.shproj", "{59589E76-D411-4579-810D-A08074E453E7}"
EndProject
Global
	GlobalSection(SharedMSBuildProjectFiles) = preSolution
		HLApps.RevitBuildConfigurations\RevitBuildConfigurations.projitems*{59589e76-d411-4579-810d-a08074e453e7}*SharedItemsImports = 13
	EndGlobalSection
	GlobalSection(SolutionConfigurationPlatforms) = preSolution
		Debug2018|x64 = Debug2018|x64
		Debug2019|x64 = Debug2019|x64
		Release2018|x64 = Release2018|x64
		Release2019|x64 = Release2019|x64
	EndGlobalSection
	GlobalSection(ProjectConfigurationPlatforms) = postSolution
		{93280FF6-C2CC-4ECE-8C26-D6794F7121D3}.Debug2018|x64.ActiveCfg = RV2018DBDebug|x64
		{93280FF6-C2CC-4ECE-8C26-D6794F7121D3}.Debug2018|x64.Build.0 = RV2018DBDebug|x64
		{93280FF6-C2CC-4ECE-8C26-D6794F7121D3}.Debug2019|x64.ActiveCfg = RV2019DBDebug|x64
		{93280FF6-C2CC-4ECE-8C26-D6794F7121D3}.Debug2019|x64.Build.0 = RV2019DBDebug|x64
		{93280FF6-C2CC-4ECE-8C26-D6794F7121D3}.Release2018|x64.ActiveCfg = RV2018DBRelease|x64
		{93280FF6-C2CC-4ECE-8C26-D6794F7121D3}.Release2018|x64.Build.0 = RV2018DBRelease|x64
		{93280FF6-C2CC-4ECE-8C26-D6794F7121D3}.Release2019|x64.ActiveCfg = RV2019DBRelease|x64
		{93280FF6-C2CC-4ECE-8C26-D6794F7121D3}.Release2019|x64.Build.0 = RV2019DBRelease|x64
		{400E1964-B716-4EA4-B21E-15C1F2135888}.Debug2018|x64.ActiveCfg = Debug|x64
		{400E1964-B716-4EA4-B21E-15C1F2135888}.Debug2018|x64.Build.0 = Debug|x64
		{400E1964-B716-4EA4-B21E-15C1F2135888}.Debug2019|x64.ActiveCfg = Debug|x64
		{400E1964-B716-4EA4-B21E-15C1F2135888}.Debug2019|x64.Build.0 = Debug|x64
		{400E1964-B716-4EA4-B21E-15C1F2135888}.Release2018|x64.ActiveCfg = Release|x64
		{400E1964-B716-4EA4-B21E-15C1F2135888}.Release2018|x64.Build.0 = Release|x64
		{400E1964-B716-4EA4-B21E-15C1F2135888}.Release2019|x64.ActiveCfg = Release|x64
		{400E1964-B716-4EA4-B21E-15C1F2135888}.Release2019|x64.Build.0 = Release|x64
		{F5FECC1A-9803-43EA-A217-E9D321A7C2D2}.Debug2018|x64.ActiveCfg = RV2018Debug|x64
		{F5FECC1A-9803-43EA-A217-E9D321A7C2D2}.Debug2018|x64.Build.0 = RV2018Debug|x64
		{F5FECC1A-9803-43EA-A217-E9D321A7C2D2}.Debug2019|x64.ActiveCfg = RV2019Debug|x64
		{F5FECC1A-9803-43EA-A217-E9D321A7C2D2}.Debug2019|x64.Build.0 = RV2019Debug|x64
		{F5FECC1A-9803-43EA-A217-E9D321A7C2D2}.Release2018|x64.ActiveCfg = RV2018Release|x64
		{F5FECC1A-9803-43EA-A217-E9D321A7C2D2}.Release2018|x64.Build.0 = RV2018Release|x64
		{F5FECC1A-9803-43EA-A217-E9D321A7C2D2}.Release2019|x64.ActiveCfg = RV2019Release|x64
		{F5FECC1A-9803-43EA-A217-E9D321A7C2D2}.Release2019|x64.Build.0 = RV2019Release|x64
	EndGlobalSection
	GlobalSection(SolutionProperties) = preSolution
		HideSolutionNode = FALSE
	EndGlobalSection
	GlobalSection(ExtensibilityGlobals) = postSolution
		SolutionGuid = {D56EF679-D1D3-4CB1-BE53-7981591D6E5E}
	EndGlobalSection
EndGlobal
